// !$*UTF8*$!
{
	archiveVersion = 1;
	classes = {
	};
	objectVersion = 46;
	objects = {

/* Begin PBXBuildFile section */
		5109FEB71E64809800F61BBE /* search.sh in Resources */ = {isa = PBXBuildFile; fileRef = E1B02FB61E644C6B00DEFC4F /* search.sh */; };
		510CDA051E61BFD50035D68D /* AppDelegate.swift in Sources */ = {isa = PBXBuildFile; fileRef = 510CDA041E61BFD50035D68D /* AppDelegate.swift */; };
		510CDA071E61BFD50035D68D /* ViewController.swift in Sources */ = {isa = PBXBuildFile; fileRef = 510CDA061E61BFD50035D68D /* ViewController.swift */; };
		510CDA091E61BFD50035D68D /* Assets.xcassets in Resources */ = {isa = PBXBuildFile; fileRef = 510CDA081E61BFD50035D68D /* Assets.xcassets */; };
		510CDA0C1E61BFD50035D68D /* Main.storyboard in Resources */ = {isa = PBXBuildFile; fileRef = 510CDA0A1E61BFD50035D68D /* Main.storyboard */; };
		E1B02FB31E6427A100DEFC4F /* Scanner.swift in Sources */ = {isa = PBXBuildFile; fileRef = E1B02FB21E6427A100DEFC4F /* Scanner.swift */; };
		E1B02FB51E6427EB00DEFC4F /* ProcessExtension.swift in Sources */ = {isa = PBXBuildFile; fileRef = E1B02FB41E6427EB00DEFC4F /* ProcessExtension.swift */; };
/* End PBXBuildFile section */

/* Begin PBXFileReference section */
		510CDA011E61BFD50035D68D /* UnusedImages.app */ = {isa = PBXFileReference; explicitFileType = wrapper.application; includeInIndex = 0; path = UnusedImages.app; sourceTree = BUILT_PRODUCTS_DIR; };
		510CDA041E61BFD50035D68D /* AppDelegate.swift */ = {isa = PBXFileReference; lastKnownFileType = sourcecode.swift; path = AppDelegate.swift; sourceTree = "<group>"; };
		510CDA061E61BFD50035D68D /* ViewController.swift */ = {isa = PBXFileReference; lastKnownFileType = sourcecode.swift; path = ViewController.swift; sourceTree = "<group>"; };
		510CDA081E61BFD50035D68D /* Assets.xcassets */ = {isa = PBXFileReference; lastKnownFileType = folder.assetcatalog; path = Assets.xcassets; sourceTree = "<group>"; };
		510CDA0B1E61BFD50035D68D /* Base */ = {isa = PBXFileReference; lastKnownFileType = file.storyboard; name = Base; path = Base.lproj/Main.storyboard; sourceTree = "<group>"; };
		510CDA0D1E61BFD50035D68D /* Info.plist */ = {isa = PBXFileReference; lastKnownFileType = text.plist.xml; path = Info.plist; sourceTree = "<group>"; };
		E1B02FB21E6427A100DEFC4F /* Scanner.swift */ = {isa = PBXFileReference; fileEncoding = 4; lastKnownFileType = sourcecode.swift; path = Scanner.swift; sourceTree = "<group>"; };
		E1B02FB41E6427EB00DEFC4F /* ProcessExtension.swift */ = {isa = PBXFileReference; fileEncoding = 4; lastKnownFileType = sourcecode.swift; path = ProcessExtension.swift; sourceTree = "<group>"; };
		E1B02FB61E644C6B00DEFC4F /* search.sh */ = {isa = PBXFileReference; lastKnownFileType = text.script.sh; path = search.sh; sourceTree = "<group>"; };
/* End PBXFileReference section */

/* Begin PBXFrameworksBuildPhase section */
		510CD9FE1E61BFD50035D68D /* Frameworks */ = {
			isa = PBXFrameworksBuildPhase;
			buildActionMask = 2147483647;
			files = (
			);
			runOnlyForDeploymentPostprocessing = 0;
		};
/* End PBXFrameworksBuildPhase section */

/* Begin PBXGroup section */
		510CD9F81E61BFD50035D68D = {
			isa = PBXGroup;
			children = (
				510CDA031E61BFD50035D68D /* UnusedImages */,
				510CDA021E61BFD50035D68D /* Products */,
			);
			sourceTree = "<group>";
		};
		510CDA021E61BFD50035D68D /* Products */ = {
			isa = PBXGroup;
			children = (
				510CDA011E61BFD50035D68D /* UnusedImages.app */,
			);
			name = Products;
			sourceTree = "<group>";
		};
		510CDA031E61BFD50035D68D /* UnusedImages */ = {
			isa = PBXGroup;
			children = (
				510CDA041E61BFD50035D68D /* AppDelegate.swift */,
				510CDA061E61BFD50035D68D /* ViewController.swift */,
				E1B02FB41E6427EB00DEFC4F /* ProcessExtension.swift */,
				E1B02FB21E6427A100DEFC4F /* Scanner.swift */,
				510CDA081E61BFD50035D68D /* Assets.xcassets */,
				510CDA0A1E61BFD50035D68D /* Main.storyboard */,
				510CDA0D1E61BFD50035D68D /* Info.plist */,
				E1B02FB61E644C6B00DEFC4F /* search.sh */,
			);
			path = UnusedImages;
			sourceTree = "<group>";
		};
/* End PBXGroup section */

/* Begin PBXNativeTarget section */
		510CDA001E61BFD50035D68D /* UnusedImages */ = {
			isa = PBXNativeTarget;
			buildConfigurationList = 510CDA101E61BFD50035D68D /* Build configuration list for PBXNativeTarget "UnusedImages" */;
			buildPhases = (
				510CD9FD1E61BFD50035D68D /* Sources */,
				510CD9FE1E61BFD50035D68D /* Frameworks */,
				510CD9FF1E61BFD50035D68D /* Resources */,
			);
			buildRules = (
			);
			dependencies = (
			);
			name = UnusedImages;
			productName = UnusedImages;
			productReference = 510CDA011E61BFD50035D68D /* UnusedImages.app */;
			productType = "com.apple.product-type.application";
		};
/* End PBXNativeTarget section */

/* Begin PBXProject section */
		510CD9F91E61BFD50035D68D /* Project object */ = {
			isa = PBXProject;
			attributes = {
				LastSwiftUpdateCheck = 0820;
				LastUpgradeCheck = 0820;
				ORGANIZATIONNAME = say;
				TargetAttributes = {
					510CDA001E61BFD50035D68D = {
						CreatedOnToolsVersion = 8.2.1;
						ProvisioningStyle = Automatic;
					};
				};
			};
			buildConfigurationList = 510CD9FC1E61BFD50035D68D /* Build configuration list for PBXProject "UnusedImages" */;
			compatibilityVersion = "Xcode 3.2";
			developmentRegion = English;
			hasScannedForEncodings = 0;
			knownRegions = (
				en,
				Base,
			);
			mainGroup = 510CD9F81E61BFD50035D68D;
			productRefGroup = 510CDA021E61BFD50035D68D /* Products */;
			projectDirPath = "";
			projectRoot = "";
			targets = (
				510CDA001E61BFD50035D68D /* UnusedImages */,
			);
		};
/* End PBXProject section */

/* Begin PBXResourcesBuildPhase section */
		510CD9FF1E61BFD50035D68D /* Resources */ = {
			isa = PBXResourcesBuildPhase;
			buildActionMask = 2147483647;
			files = (
				5109FEB71E64809800F61BBE /* search.sh in Resources */,
				510CDA091E61BFD50035D68D /* Assets.xcassets in Resources */,
				510CDA0C1E61BFD50035D68D /* Main.storyboard in Resources */,
			);
			runOnlyForDeploymentPostprocessing = 0;
		};
/* End PBXResourcesBuildPhase section */

/* Begin PBXSourcesBuildPhase section */
		510CD9FD1E61BFD50035D68D /* Sources */ = {
			isa = PBXSourcesBuildPhase;
			buildActionMask = 2147483647;
			files = (
				510CDA071E61BFD50035D68D /* ViewController.swift in Sources */,
				E1B02FB51E6427EB00DEFC4F /* ProcessExtension.swift in Sources */,
				510CDA051E61BFD50035D68D /* AppDelegate.swift in Sources */,
				E1B02FB31E6427A100DEFC4F /* Scanner.swift in Sources */,
			);
			runOnlyForDeploymentPostprocessing = 0;
		};
/* End PBXSourcesBuildPhase section */

/* Begin PBXVariantGroup section */
		510CDA0A1E61BFD50035D68D /* Main.storyboard */ = {
			isa = PBXVariantGroup;
			children = (
				510CDA0B1E61BFD50035D68D /* Base */,
			);
			name = Main.storyboard;
			sourceTree = "<group>";
		};
/* End PBXVariantGroup section */

/* Begin XCBuildConfiguration section */
		510CDA0E1E61BFD50035D68D /* Debug */ = {
			isa = XCBuildConfiguration;
			buildSettings = {
				ALWAYS_SEARCH_USER_PATHS = NO;
				CLANG_ANALYZER_NONNULL = YES;
				CLANG_CXX_LANGUAGE_STANDARD = "gnu++0x";
				CLANG_CXX_LIBRARY = "libc++";
				CLANG_ENABLE_MODULES = YES;
				CLANG_ENABLE_OBJC_ARC = YES;
				CLANG_WARN_BOOL_CONVERSION = YES;
				CLANG_WARN_CONSTANT_CONVERSION = YES;
				CLANG_WARN_DIRECT_OBJC_ISA_USAGE = YES_ERROR;
				CLANG_WARN_DOCUMENTATION_COMMENTS = YES;
				CLANG_WARN_EMPTY_BODY = YES;
				CLANG_WARN_ENUM_CONVERSION = YES;
				CLANG_WARN_INFINITE_RECURSION = YES;
				CLANG_WARN_INT_CONVERSION = YES;
				CLANG_WARN_OBJC_ROOT_CLASS = YES_ERROR;
				CLANG_WARN_SUSPICIOUS_MOVE = YES;
				CLANG_WARN_UNREACHABLE_CODE = YES;
				CLANG_WARN__DUPLICATE_METHOD_MATCH = YES;
				CODE_SIGN_IDENTITY = "-";
				COPY_PHASE_STRIP = NO;
				DEBUG_INFORMATION_FORMAT = dwarf;
				ENABLE_STRICT_OBJC_MSGSEND = YES;
				ENABLE_TESTABILITY = YES;
				GCC_C_LANGUAGE_STANDARD = gnu99;
				GCC_DYNAMIC_NO_PIC = NO;
				GCC_NO_COMMON_BLOCKS = YES;
				GCC_OPTIMIZATION_LEVEL = 0;
				GCC_PREPROCESSOR_DEFINITIONS = (
					"DEBUG=1",
					"$(inherited)",
				);
				GCC_WARN_64_TO_32_BIT_CONVERSION = YES;
				GCC_WARN_ABOUT_RETURN_TYPE = YES_ERROR;
				GCC_WARN_UNDECLARED_SELECTOR = YES;
				GCC_WARN_UNINITIALIZED_AUTOS = YES_AGGRESSIVE;
				GCC_WARN_UNUSED_FUNCTION = YES;
				GCC_WARN_UNUSED_VARIABLE = YES;
				MACOSX_DEPLOYMENT_TARGET = 10.12;
				MTL_ENABLE_DEBUG_INFO = YES;
				ONLY_ACTIVE_ARCH = YES;
				SDKROOT = macosx;
				SWIFT_ACTIVE_COMPILATION_CONDITIONS = DEBUG;
				SWIFT_OPTIMIZATION_LEVEL = "-Onone";
			};
			name = Debug;
		};
		510CDA0F1E61BFD50035D68D /* Release */ = {
			isa = XCBuildConfiguration;
			buildSettings = {
				ALWAYS_SEARCH_USER_PATHS = NO;
				CLANG_ANALYZER_NONNULL = YES;
				CLANG_CXX_LANGUAGE_STANDARD = "gnu++0x";
				CLANG_CXX_LIBRARY = "libc++";
				CLANG_ENABLE_MODULES = YES;
				CLANG_ENABLE_OBJC_ARC = YES;
				CLANG_WARN_BOOL_CONVERSION = YES;
				CLANG_WARN_CONSTANT_CONVERSION = YES;
				CLANG_WARN_DIRECT_OBJC_ISA_USAGE = YES_ERROR;
				CLANG_WARN_DOCUMENTATION_COMMENTS = YES;
				CLANG_WARN_EMPTY_BODY = YES;
				CLANG_WARN_ENUM_CONVERSION = YES;
				CLANG_WARN_INFINITE_RECURSION = YES;
				CLANG_WARN_INT_CONVERSION = YES;
				CLANG_WARN_OBJC_ROOT_CLASS = YES_ERROR;
				CLANG_WARN_SUSPICIOUS_MOVE = YES;
				CLANG_WARN_UNREACHABLE_CODE = YES;
				CLANG_WARN__DUPLICATE_METHOD_MATCH = YES;
				CODE_SIGN_IDENTITY = "-";
				COPY_PHASE_STRIP = NO;
				DEBUG_INFORMATION_FORMAT = "dwarf-with-dsym";
				ENABLE_NS_ASSERTIONS = NO;
				ENABLE_STRICT_OBJC_MSGSEND = YES;
				GCC_C_LANGUAGE_STANDARD = gnu99;
				GCC_NO_COMMON_BLOCKS = YES;
				GCC_WARN_64_TO_32_BIT_CONVERSION = YES;
				GCC_WARN_ABOUT_RETURN_TYPE = YES_ERROR;
				GCC_WARN_UNDECLARED_SELECTOR = YES;
				GCC_WARN_UNINITIALIZED_AUTOS = YES_AGGRESSIVE;
				GCC_WARN_UNUSED_FUNCTION = YES;
				GCC_WARN_UNUSED_VARIABLE = YES;
				MACOSX_DEPLOYMENT_TARGET = 10.12;
				MTL_ENABLE_DEBUG_INFO = NO;
				SDKROOT = macosx;
				SWIFT_OPTIMIZATION_LEVEL = "-Owholemodule";
			};
			name = Release;
		};
		510CDA111E61BFD50035D68D /* Debug */ = {
			isa = XCBuildConfiguration;
			buildSettings = {
				ASSETCATALOG_COMPILER_APPICON_NAME = AppIcon;
				COMBINE_HIDPI_IMAGES = YES;
				INFOPLIST_FILE = UnusedImages/Info.plist;
				LD_RUNPATH_SEARCH_PATHS = "$(inherited) @executable_path/../Frameworks";
				PRODUCT_BUNDLE_IDENTIFIER = com.say.UnusedImages;
				PRODUCT_NAME = "$(TARGET_NAME)";
				SWIFT_VERSION = 3.0;
			};
			name = Debug;
		};
		510CDA121E61BFD50035D68D /* Release */ = {
			isa = XCBuildConfiguration;
			buildSettings = {
				ASSETCATALOG_COMPILER_APPICON_NAME = AppIcon;
				COMBINE_HIDPI_IMAGES = YES;
				INFOPLIST_FILE = UnusedImages/Info.plist;
				LD_RUNPATH_SEARCH_PATHS = "$(inherited) @executable_path/../Frameworks";
				PRODUCT_BUNDLE_IDENTIFIER = com.say.UnusedImages;
				PRODUCT_NAME = "$(TARGET_NAME)";
				SWIFT_VERSION = 3.0;
			};
			name = Release;
		};
/* End XCBuildConfiguration section */

/* Begin XCConfigurationList section */
		510CD9FC1E61BFD50035D68D /* Build configuration list for PBXProject "UnusedImages" */ = {
			isa = XCConfigurationList;
			buildConfigurations = (
				510CDA0E1E61BFD50035D68D /* Debug */,
				510CDA0F1E61BFD50035D68D /* Release */,
			);
			defaultConfigurationIsVisible = 0;
			defaultConfigurationName = Release;
		};
		510CDA101E61BFD50035D68D /* Build configuration list for PBXNativeTarget "UnusedImages" */ = {
			isa = XCConfigurationList;
			buildConfigurations = (
				510CDA111E61BFD50035D68D /* Debug */,
				510CDA121E61BFD50035D68D /* Release */,
			);
			defaultConfigurationIsVisible = 0;
			defaultConfigurationName = Release;
		};
/* End XCConfigurationList section */
	};
	rootObject = 510CD9F91E61BFD50035D68D /* Project object */;
}
